
Microsoft Visual Studio Solution File, Format Version 12.00
# Visual Studio Version 17
VisualStudioVersion = 17.12.35527.113 d17.12
MinimumVisualStudioVersion = 10.0.40219.1
Project("{FAE04EC0-301F-11D3-BF4B-00C04F79EFBC}") = "WebApp", "WebApp\WebApp.csproj", "{EC7855D6-E1B9-4E50-A0E7-AEF328160F39}"
EndProject
Project("{FAE04EC0-301F-11D3-BF4B-00C04F79EFBC}") = "DAL", "DAL\DAL.csproj", "{9A19A069-CF64-4D6C-AFFB-4A4E41FE3EC7}"
EndProject
Project("{FAE04EC0-301F-11D3-BF4B-00C04F79EFBC}") = "BLL", "BLL\BLL.csproj", "{EF7696F6-2DCD-4428-831F-EF5A9F770848}"
EndProject
Global
	GlobalSection(SolutionConfigurationPlatforms) = preSolution
		Debug|Any CPU = Debug|Any CPU
		Release|Any CPU = Release|Any CPU
	EndGlobalSection
	GlobalSection(ProjectConfigurationPlatforms) = postSolution
		{EC7855D6-E1B9-4E50-A0E7-AEF328160F39}.Debug|Any CPU.ActiveCfg = Debug|Any CPU
		{EC7855D6-E1B9-4E50-A0E7-AEF328160F39}.Debug|Any CPU.Build.0 = Debug|Any CPU
		{EC7855D6-E1B9-4E50-A0E7-AEF328160F39}.Release|Any CPU.ActiveCfg = Release|Any CPU
		{EC7855D6-E1B9-4E50-A0E7-AEF328160F39}.Release|Any CPU.Build.0 = Release|Any CPU
		{9A19A069-CF64-4D6C-AFFB-4A4E41FE3EC7}.Debug|Any CPU.ActiveCfg = Debug|Any CPU
		{9A19A069-CF64-4D6C-AFFB-4A4E41FE3EC7}.Debug|Any CPU.Build.0 = Debug|Any CPU
		{9A19A069-CF64-4D6C-AFFB-4A4E41FE3EC7}.Release|Any CPU.ActiveCfg = Release|Any CPU
		{9A19A069-CF64-4D6C-AFFB-4A4E41FE3EC7}.Release|Any CPU.Build.0 = Release|Any CPU
		{EF7696F6-2DCD-4428-831F-EF5A9F770848}.Debug|Any CPU.ActiveCfg = Debug|Any CPU
		{EF7696F6-2DCD-4428-831F-EF5A9F770848}.Debug|Any CPU.Build.0 = Debug|Any CPU
		{EF7696F6-2DCD-4428-831F-EF5A9F770848}.Release|Any CPU.ActiveCfg = Release|Any CPU
		{EF7696F6-2DCD-4428-831F-EF5A9F770848}.Release|Any CPU.Build.0 = Release|Any CPU
	EndGlobalSection
	GlobalSection(SolutionProperties) = preSolution
		HideSolutionNode = FALSE
	EndGlobalSection
EndGlobal
